{
  "version": 4,
  "terraform_version": "1.0.0",
  "serial": 556,
  "lineage": "3c949c6f-39fb-da9e-0ee9-a250fd2e07be",
  "outputs": {},
  "resources": [
    {
      "mode": "data",
      "type": "azurerm_client_config",
      "name": "current",
      "provider": "provider[\"registry.terraform.io/hashicorp/azurerm\"]",
      "instances": [
        {
          "schema_version": 0,
          "attributes": {
            "client_id": "04b07795-8ddb-461a-bbee-02f9e1bf7b46",
            "id": "2021-07-02 23:22:47.876361 +0000 UTC",
            "object_id": "dbe772cc-62c3-4e41-8051-6a6d93d6fa86",
            "subscription_id": "b54182d2-60c0-4e34-b1ab-499a3394771d",
            "tenant_id": "e0793d39-0939-496d-b129-198edd916feb",
            "timeouts": null
          },
          "sensitive_attributes": []
        }
      ]
    },
    {
      "mode": "data",
      "type": "azurerm_storage_account_sas",
      "name": "storage_sas_token",
      "provider": "provider[\"registry.terraform.io/hashicorp/azurerm\"]",
      "instances": [
        {
          "schema_version": 0,
          "attributes": {
            "connection_string": "DefaultEndpointsProtocol=https;AccountName=adfstorageal;AccountKey=fVVUS2uVY3IUv2okuVy0cGS7gkMZRHDewIQJni5oOqek5T3QX674Gcf4dqMdAPh3bopzbPp+Rf2+3r9Yu/xTCQ==;EndpointSuffix=core.windows.net",
            "expiry": "2028-03-11",
            "https_only": true,
            "id": "ee4bc75d9cf0ff236f4e94f4a777f7009d73101c2ace1c4b790e940f6eef770d",
            "permissions": [
              {
                "add": true,
                "create": true,
                "delete": true,
                "list": true,
                "process": true,
                "read": true,
                "update": true,
                "write": true
              }
            ],
            "resource_types": [
              {
                "container": true,
                "object": true,
                "service": true
              }
            ],
            "sas": "?sv=2017-07-29\u0026ss=b\u0026srt=sco\u0026sp=rwdlacup\u0026se=2028-03-11\u0026st=2020-03-11\u0026spr=https\u0026sig=%2FgKQJfC1qdK26FD6hhHF0ko7es8qrol9E0yltwhELD4%3D",
            "services": [
              {
                "blob": true,
                "file": false,
                "queue": false,
                "table": false
              }
            ],
            "signed_version": "2017-07-29",
            "start": "2020-03-11",
            "timeouts": null
          },
          "sensitive_attributes": [
            [
              {
                "type": "get_attr",
                "value": "connection_string"
              }
            ]
          ]
        }
      ]
    },
    {
      "mode": "managed",
      "type": "azurerm_data_factory",
      "name": "adf_test",
      "provider": "provider[\"registry.terraform.io/hashicorp/azurerm\"]",
      "instances": [
        {
          "schema_version": 1,
          "attributes": {
            "github_configuration": [
              {
                "account_name": "hagan3",
                "branch_name": "main",
                "git_url": "https://github.com",
                "repository_name": "adf_deploy_sandbox",
                "root_folder": "/"
              }
            ],
            "id": "/subscriptions/b54182d2-60c0-4e34-b1ab-499a3394771d/resourceGroups/adf_example_dev/providers/Microsoft.DataFactory/factories/adftestal",
            "identity": [],
            "location": "canadacentral",
            "name": "adftestal",
            "public_network_enabled": true,
            "resource_group_name": "adf_example_dev",
            "tags": {},
            "timeouts": null,
            "vsts_configuration": []
          },
          "sensitive_attributes": [],
          "private": "eyJlMmJmYjczMC1lY2FhLTExZTYtOGY4OC0zNDM2M2JjN2M0YzAiOnsiY3JlYXRlIjoxODAwMDAwMDAwMDAwLCJkZWxldGUiOjE4MDAwMDAwMDAwMDAsInJlYWQiOjMwMDAwMDAwMDAwMCwidXBkYXRlIjoxODAwMDAwMDAwMDAwfSwic2NoZW1hX3ZlcnNpb24iOiIxIn0="
        }
      ]
    },
    {
      "mode": "managed",
      "type": "azurerm_data_factory_dataset_azure_blob",
      "name": "adf_ds_blob_01",
      "provider": "provider[\"registry.terraform.io/hashicorp/azurerm\"]",
      "instances": [
        {
          "schema_version": 0,
          "attributes": {
            "additional_properties": {},
            "annotations": [],
            "data_factory_name": "adftestal",
            "description": "",
            "filename": "",
            "folder": null,
            "id": "/subscriptions/b54182d2-60c0-4e34-b1ab-499a3394771d/resourceGroups/adf_example_dev/providers/Microsoft.DataFactory/factories/adftestal/datasets/adfdsblob01",
            "linked_service_name": "adfbloblink01",
            "name": "adfdsblob01",
            "parameters": {},
            "path": "adfstoragesource01",
            "resource_group_name": "adf_example_dev",
            "schema_column": [],
            "timeouts": null
          },
          "sensitive_attributes": [],
          "private": "eyJlMmJmYjczMC1lY2FhLTExZTYtOGY4OC0zNDM2M2JjN2M0YzAiOnsiY3JlYXRlIjoxODAwMDAwMDAwMDAwLCJkZWxldGUiOjE4MDAwMDAwMDAwMDAsInJlYWQiOjMwMDAwMDAwMDAwMCwidXBkYXRlIjoxODAwMDAwMDAwMDAwfX0=",
          "dependencies": [
            "azurerm_data_factory.adf_test",
            "azurerm_data_factory_linked_service_azure_blob_storage.adf_blob_link_01",
            "azurerm_storage_account.adf_storage",
            "azurerm_storage_container.adf_storage_source_01"
          ]
        }
      ]
    },
    {
      "mode": "managed",
      "type": "azurerm_data_factory_dataset_delimited_text",
      "name": "adf_ds_delimited_text_01",
      "provider": "provider[\"registry.terraform.io/hashicorp/azurerm\"]",
      "instances": [
        {
          "schema_version": 0,
          "attributes": {
            "additional_properties": {},
            "annotations": [],
            "azure_blob_storage_location": [],
            "column_delimiter": ",",
            "compression_codec": "",
            "compression_level": "",
            "data_factory_name": "adftestal",
            "description": "",
            "encoding": "UTF-8",
            "escape_character": "f",
            "first_row_as_header": true,
            "folder": null,
            "http_server_location": [
              {
                "filename": "fizz.txt",
                "path": "foo/bar/",
                "relative_url": "http://www.google.com"
              }
            ],
            "id": "/subscriptions/b54182d2-60c0-4e34-b1ab-499a3394771d/resourceGroups/adf_example_dev/providers/Microsoft.DataFactory/factories/adftestal/datasets/adfdsdelimitedtextlink01",
            "linked_service_name": "adflinkserviceweb",
            "name": "adfdsdelimitedtextlink01",
            "null_value": "NULL",
            "parameters": {},
            "quote_character": "x",
            "resource_group_name": "adf_example_dev",
            "row_delimiter": "NEW",
            "schema_column": [],
            "timeouts": null
          },
          "sensitive_attributes": [],
          "private": "eyJlMmJmYjczMC1lY2FhLTExZTYtOGY4OC0zNDM2M2JjN2M0YzAiOnsiY3JlYXRlIjoxODAwMDAwMDAwMDAwLCJkZWxldGUiOjE4MDAwMDAwMDAwMDAsInJlYWQiOjMwMDAwMDAwMDAwMCwidXBkYXRlIjoxODAwMDAwMDAwMDAwfX0=",
          "dependencies": [
            "azurerm_data_factory.adf_test",
            "azurerm_data_factory_linked_service_web.adf_link_service_web"
          ]
        }
      ]
    },
    {
      "mode": "managed",
      "type": "azurerm_data_factory_dataset_http",
      "name": "adf_ds_http_01",
      "provider": "provider[\"registry.terraform.io/hashicorp/azurerm\"]",
      "instances": [
        {
          "schema_version": 0,
          "attributes": {
            "additional_properties": {},
            "annotations": [],
            "data_factory_name": "adftestal",
            "description": "",
            "folder": null,
            "id": "/subscriptions/b54182d2-60c0-4e34-b1ab-499a3394771d/resourceGroups/adf_example_dev/providers/Microsoft.DataFactory/factories/adftestal/datasets/adfdshttp01",
            "linked_service_name": "adflinkserviceweb",
            "name": "adfdshttp01",
            "parameters": {},
            "relative_url": "http://www.google.com",
            "request_body": "foo=bar",
            "request_method": "POST",
            "resource_group_name": "adf_example_dev",
            "schema_column": [],
            "timeouts": null
          },
          "sensitive_attributes": [],
          "private": "eyJlMmJmYjczMC1lY2FhLTExZTYtOGY4OC0zNDM2M2JjN2M0YzAiOnsiY3JlYXRlIjoxODAwMDAwMDAwMDAwLCJkZWxldGUiOjE4MDAwMDAwMDAwMDAsInJlYWQiOjMwMDAwMDAwMDAwMCwidXBkYXRlIjoxODAwMDAwMDAwMDAwfX0=",
          "dependencies": [
            "azurerm_data_factory.adf_test",
            "azurerm_data_factory_linked_service_web.adf_link_service_web"
          ]
        }
      ]
    },
    {
      "mode": "managed",
      "type": "azurerm_data_factory_dataset_json",
      "name": "adf_ds_json_01",
      "provider": "provider[\"registry.terraform.io/hashicorp/azurerm\"]",
      "instances": [
        {
          "schema_version": 0,
          "attributes": {
            "additional_properties": {},
            "annotations": [],
            "azure_blob_storage_location": [],
            "data_factory_name": "adftestal",
            "description": "",
            "encoding": "UTF-8",
            "folder": null,
            "http_server_location": [
              {
                "filename": "foo.txt",
                "path": "foo/bar/",
                "relative_url": "/fizz/buzz/"
              }
            ],
            "id": "/subscriptions/b54182d2-60c0-4e34-b1ab-499a3394771d/resourceGroups/adf_example_dev/providers/Microsoft.DataFactory/factories/adftestal/datasets/adfdsjson01",
            "linked_service_name": "adflinkserviceweb",
            "name": "adfdsjson01",
            "parameters": {},
            "resource_group_name": "adf_example_dev",
            "schema_column": [],
            "timeouts": null
          },
          "sensitive_attributes": [],
          "private": "eyJlMmJmYjczMC1lY2FhLTExZTYtOGY4OC0zNDM2M2JjN2M0YzAiOnsiY3JlYXRlIjoxODAwMDAwMDAwMDAwLCJkZWxldGUiOjE4MDAwMDAwMDAwMDAsInJlYWQiOjMwMDAwMDAwMDAwMCwidXBkYXRlIjoxODAwMDAwMDAwMDAwfX0=",
          "dependencies": [
            "azurerm_data_factory.adf_test",
            "azurerm_data_factory_linked_service_web.adf_link_service_web"
          ]
        }
      ]
    },
    {
      "mode": "managed",
      "type": "azurerm_data_factory_dataset_sql_server_table",
      "name": "adf_ds_sql_server_01",
      "provider": "provider[\"registry.terraform.io/hashicorp/azurerm\"]",
      "instances": [
        {
          "schema_version": 0,
          "attributes": {
            "additional_properties": {},
            "annotations": [],
            "data_factory_name": "adftestal",
            "description": "",
            "folder": null,
            "id": "/subscriptions/b54182d2-60c0-4e34-b1ab-499a3394771d/resourceGroups/adf_example_dev/providers/Microsoft.DataFactory/factories/adftestal/datasets/adfdssqlserver01",
            "linked_service_name": "adflinksqlserver",
            "name": "adfdssqlserver01",
            "parameters": {},
            "resource_group_name": "adf_example_dev",
            "schema_column": [],
            "table_name": "",
            "timeouts": null
          },
          "sensitive_attributes": [],
          "private": "eyJlMmJmYjczMC1lY2FhLTExZTYtOGY4OC0zNDM2M2JjN2M0YzAiOnsiY3JlYXRlIjoxODAwMDAwMDAwMDAwLCJkZWxldGUiOjE4MDAwMDAwMDAwMDAsInJlYWQiOjMwMDAwMDAwMDAwMCwidXBkYXRlIjoxODAwMDAwMDAwMDAwfX0=",
          "dependencies": [
            "azurerm_data_factory.adf_test",
            "azurerm_data_factory_linked_service_sql_server.adf_link_sql_server"
          ]
        }
      ]
    },
    {
      "mode": "managed",
      "type": "azurerm_data_factory_linked_service_azure_blob_storage",
      "name": "adf_blob_link_01",
      "provider": "provider[\"registry.terraform.io/hashicorp/azurerm\"]",
      "instances": [
        {
          "schema_version": 0,
          "attributes": {
            "additional_properties": {},
            "annotations": [],
            "connection_string": "DefaultEndpointsProtocol=https;AccountName=adfstorageal;AccountKey=fVVUS2uVY3IUv2okuVy0cGS7gkMZRHDewIQJni5oOqek5T3QX674Gcf4dqMdAPh3bopzbPp+Rf2+3r9Yu/xTCQ==;EndpointSuffix=core.windows.net",
            "data_factory_name": "adftestal",
            "description": "",
            "id": "/subscriptions/b54182d2-60c0-4e34-b1ab-499a3394771d/resourceGroups/adf_example_dev/providers/Microsoft.DataFactory/factories/adftestal/linkedservices/adfbloblink01",
            "integration_runtime_name": null,
            "name": "adfbloblink01",
            "parameters": {},
            "resource_group_name": "adf_example_dev",
            "timeouts": null
          },
          "sensitive_attributes": [
            [
              {
                "type": "get_attr",
                "value": "connection_string"
              }
            ]
          ],
          "private": "eyJlMmJmYjczMC1lY2FhLTExZTYtOGY4OC0zNDM2M2JjN2M0YzAiOnsiY3JlYXRlIjoxODAwMDAwMDAwMDAwLCJkZWxldGUiOjE4MDAwMDAwMDAwMDAsInJlYWQiOjMwMDAwMDAwMDAwMCwidXBkYXRlIjoxODAwMDAwMDAwMDAwfX0=",
          "dependencies": [
            "azurerm_data_factory.adf_test",
            "azurerm_storage_account.adf_storage"
          ]
        }
      ]
    },
    {
      "mode": "managed",
      "type": "azurerm_data_factory_linked_service_azure_file_storage",
      "name": "adf_link_azure_file_storage",
      "provider": "provider[\"registry.terraform.io/hashicorp/azurerm\"]",
      "instances": [
        {
          "schema_version": 0,
          "attributes": {
            "additional_properties": {},
            "annotations": [],
            "connection_string": "DefaultEndpointsProtocol=https;AccountName=adfstorageal;AccountKey=fVVUS2uVY3IUv2okuVy0cGS7gkMZRHDewIQJni5oOqek5T3QX674Gcf4dqMdAPh3bopzbPp+Rf2+3r9Yu/xTCQ==;EndpointSuffix=core.windows.net",
            "data_factory_name": "adftestal",
            "description": "",
            "file_share": "",
            "host": null,
            "id": "/subscriptions/b54182d2-60c0-4e34-b1ab-499a3394771d/resourceGroups/adf_example_dev/providers/Microsoft.DataFactory/factories/adftestal/linkedservices/adflinkazurefilestorage",
            "integration_runtime_name": null,
            "name": "adflinkazurefilestorage",
            "parameters": {},
            "password": null,
            "resource_group_name": "adf_example_dev",
            "timeouts": null,
            "user_id": null
          },
          "sensitive_attributes": [
            [
              {
                "type": "get_attr",
                "value": "connection_string"
              }
            ]
          ],
          "private": "eyJlMmJmYjczMC1lY2FhLTExZTYtOGY4OC0zNDM2M2JjN2M0YzAiOnsiY3JlYXRlIjoxODAwMDAwMDAwMDAwLCJkZWxldGUiOjE4MDAwMDAwMDAwMDAsInJlYWQiOjMwMDAwMDAwMDAwMCwidXBkYXRlIjoxODAwMDAwMDAwMDAwfX0=",
          "dependencies": [
            "azurerm_data_factory.adf_test",
            "azurerm_storage_account.adf_storage"
          ]
        }
      ]
    },
    {
      "mode": "managed",
      "type": "azurerm_data_factory_linked_service_data_lake_storage_gen2",
      "name": "adf_link_data_lake_storage_gen2",
      "provider": "provider[\"registry.terraform.io/hashicorp/azurerm\"]",
      "instances": [
        {
          "schema_version": 0,
          "attributes": {
            "additional_properties": {},
            "annotations": [],
            "data_factory_name": "adftestal",
            "description": "",
            "id": "/subscriptions/b54182d2-60c0-4e34-b1ab-499a3394771d/resourceGroups/adf_example_dev/providers/Microsoft.DataFactory/factories/adftestal/linkedservices/adflinkdatalakestoragegen2",
            "integration_runtime_name": null,
            "name": "adflinkdatalakestoragegen2",
            "parameters": {},
            "resource_group_name": "adf_example_dev",
            "service_principal_id": "04b07795-8ddb-461a-bbee-02f9e1bf7b46",
            "service_principal_key": "exampleKey",
            "tenant": "11111111-1111-1111-1111-111111111111",
            "timeouts": null,
            "url": "https://datalakestoragegen2",
            "use_managed_identity": false
          },
          "sensitive_attributes": [],
          "private": "eyJlMmJmYjczMC1lY2FhLTExZTYtOGY4OC0zNDM2M2JjN2M0YzAiOnsiY3JlYXRlIjoxODAwMDAwMDAwMDAwLCJkZWxldGUiOjE4MDAwMDAwMDAwMDAsInJlYWQiOjMwMDAwMDAwMDAwMCwidXBkYXRlIjoxODAwMDAwMDAwMDAwfX0=",
          "dependencies": [
            "azurerm_data_factory.adf_test",
            "data.azurerm_client_config.current"
          ]
        }
      ]
    },
    {
      "mode": "managed",
      "type": "azurerm_data_factory_linked_service_key_vault",
      "name": "adf_link_key_vault",
      "provider": "provider[\"registry.terraform.io/hashicorp/azurerm\"]",
      "instances": [
        {
          "schema_version": 0,
          "attributes": {
            "additional_properties": {},
            "annotations": [],
            "data_factory_name": "adftestal",
            "description": "",
            "id": "/subscriptions/b54182d2-60c0-4e34-b1ab-499a3394771d/resourceGroups/adf_example_dev/providers/Microsoft.DataFactory/factories/adftestal/linkedservices/adflinkkeyvault",
            "integration_runtime_name": null,
            "key_vault_id": "/subscriptions/b54182d2-60c0-4e34-b1ab-499a3394771d/resourceGroups/adf_example_dev/providers/Microsoft.KeyVault/vaults/suncorsbxarmkeyuw2suncor",
            "name": "adflinkkeyvault",
            "parameters": {},
            "resource_group_name": "adf_example_dev",
            "timeouts": null
          },
          "sensitive_attributes": [],
          "private": "eyJlMmJmYjczMC1lY2FhLTExZTYtOGY4OC0zNDM2M2JjN2M0YzAiOnsiY3JlYXRlIjoxODAwMDAwMDAwMDAwLCJkZWxldGUiOjE4MDAwMDAwMDAwMDAsInJlYWQiOjMwMDAwMDAwMDAwMCwidXBkYXRlIjoxODAwMDAwMDAwMDAwfX0=",
          "dependencies": [
            "azurerm_key_vault.vault",
            "data.azurerm_client_config.current",
            "azurerm_data_factory.adf_test"
          ]
        }
      ]
    },
    {
      "mode": "managed",
      "type": "azurerm_data_factory_linked_service_sql_server",
      "name": "adf_link_sql_server",
      "provider": "provider[\"registry.terraform.io/hashicorp/azurerm\"]",
      "instances": [
        {
          "schema_version": 0,
          "attributes": {
            "additional_properties": {},
            "annotations": [],
            "connection_string": "integrated security=False;data source=test;initial catalog=test;user id=test",
            "data_factory_name": "adftestal",
            "description": "",
            "id": "/subscriptions/b54182d2-60c0-4e34-b1ab-499a3394771d/resourceGroups/adf_example_dev/providers/Microsoft.DataFactory/factories/adftestal/linkedservices/adflinksqlserver",
            "integration_runtime_name": null,
            "key_vault_password": [],
            "name": "adflinksqlserver",
            "parameters": {},
            "resource_group_name": "adf_example_dev",
            "timeouts": null
          },
          "sensitive_attributes": [],
          "private": "eyJlMmJmYjczMC1lY2FhLTExZTYtOGY4OC0zNDM2M2JjN2M0YzAiOnsiY3JlYXRlIjoxODAwMDAwMDAwMDAwLCJkZWxldGUiOjE4MDAwMDAwMDAwMDAsInJlYWQiOjMwMDAwMDAwMDAwMCwidXBkYXRlIjoxODAwMDAwMDAwMDAwfX0=",
          "dependencies": [
            "azurerm_data_factory.adf_test"
          ]
        }
      ]
    },
    {
      "mode": "managed",
      "type": "azurerm_data_factory_linked_service_synapse",
      "name": "adf_link_synapse",
      "provider": "provider[\"registry.terraform.io/hashicorp/azurerm\"]",
      "instances": [
        {
          "schema_version": 0,
          "attributes": {
            "additional_properties": {},
            "annotations": [],
            "connection_string": "integrated security=False;data source=test;initial catalog=test;user id=test",
            "data_factory_name": "adftestal",
            "description": "",
            "id": "/subscriptions/b54182d2-60c0-4e34-b1ab-499a3394771d/resourceGroups/adf_example_dev/providers/Microsoft.DataFactory/factories/adftestal/linkedservices/adflinksynapse",
            "integration_runtime_name": null,
            "key_vault_password": [],
            "name": "adflinksynapse",
            "parameters": {},
            "resource_group_name": "adf_example_dev",
            "timeouts": null
          },
          "sensitive_attributes": [],
          "private": "eyJlMmJmYjczMC1lY2FhLTExZTYtOGY4OC0zNDM2M2JjN2M0YzAiOnsiY3JlYXRlIjoxODAwMDAwMDAwMDAwLCJkZWxldGUiOjE4MDAwMDAwMDAwMDAsInJlYWQiOjMwMDAwMDAwMDAwMCwidXBkYXRlIjoxODAwMDAwMDAwMDAwfX0=",
          "dependencies": [
            "azurerm_data_factory.adf_test"
          ]
        }
      ]
    },
    {
      "mode": "managed",
      "type": "azurerm_data_factory_linked_service_web",
      "name": "adf_link_service_web",
      "provider": "provider[\"registry.terraform.io/hashicorp/azurerm\"]",
      "instances": [
        {
          "schema_version": 0,
          "attributes": {
            "additional_properties": {},
            "annotations": [],
            "authentication_type": "Anonymous",
            "data_factory_name": "adftestal",
            "description": "",
            "id": "/subscriptions/b54182d2-60c0-4e34-b1ab-499a3394771d/resourceGroups/adf_example_dev/providers/Microsoft.DataFactory/factories/adftestal/linkedservices/adflinkserviceweb",
            "integration_runtime_name": null,
            "name": "adflinkserviceweb",
            "parameters": {},
            "password": null,
            "resource_group_name": "adf_example_dev",
            "timeouts": null,
            "url": "https://www.google.com",
            "username": null
          },
          "sensitive_attributes": [],
          "private": "eyJlMmJmYjczMC1lY2FhLTExZTYtOGY4OC0zNDM2M2JjN2M0YzAiOnsiY3JlYXRlIjoxODAwMDAwMDAwMDAwLCJkZWxldGUiOjE4MDAwMDAwMDAwMDAsInJlYWQiOjMwMDAwMDAwMDAwMCwidXBkYXRlIjoxODAwMDAwMDAwMDAwfX0=",
          "dependencies": [
            "azurerm_data_factory.adf_test"
          ]
        }
      ]
    },
    {
      "mode": "managed",
      "type": "azurerm_data_factory_pipeline",
      "name": "adf_pipeline_copy_from_blob_to_sql_server",
      "provider": "provider[\"registry.terraform.io/hashicorp/azurerm\"]",
      "instances": [
        {
          "schema_version": 0,
          "attributes": {
            "activities_json": "[{\"dependsOn\":[],\"inputs\":[{\"referenceName\":\"adfdsblob01\",\"type\":\"DatasetReference\"}],\"name\":\"Copy_BlobToSqlServer\",\"outputs\":[{\"referenceName\":\"adfdssqlserver01\",\"type\":\"DatasetReference\"}],\"policy\":{\"retry\":0,\"retryIntervalInSeconds\":30,\"secureInput\":false,\"secureOutput\":false,\"timeout\":\"7.00:00:00\"},\"type\":\"Copy\",\"typeProperties\":{\"source\":{\"recursive\":true,\"type\":\"BlobSource\"},\"sink\":{\"tableOption\":\"autoCreate\",\"type\":\"SqlServerSink\"},\"enableStaging\":false},\"userProperties\":[]}]",
            "annotations": [],
            "data_factory_name": "adftestal",
            "description": "",
            "id": "/subscriptions/b54182d2-60c0-4e34-b1ab-499a3394771d/resourceGroups/adf_example_dev/providers/Microsoft.DataFactory/factories/adftestal/pipelines/adfpipelinecopyfromblobtosqlserver",
            "name": "adfpipelinecopyfromblobtosqlserver",
            "parameters": {},
            "resource_group_name": "adf_example_dev",
            "timeouts": null,
            "variables": {}
          },
          "sensitive_attributes": [],
          "private": "eyJlMmJmYjczMC1lY2FhLTExZTYtOGY4OC0zNDM2M2JjN2M0YzAiOnsiY3JlYXRlIjoxODAwMDAwMDAwMDAwLCJkZWxldGUiOjE4MDAwMDAwMDAwMDAsInJlYWQiOjMwMDAwMDAwMDAwMCwidXBkYXRlIjoxODAwMDAwMDAwMDAwfX0=",
          "dependencies": [
            "azurerm_data_factory.adf_test"
          ]
        }
      ]
    },
    {
      "mode": "managed",
      "type": "azurerm_data_factory_pipeline",
      "name": "adf_pipeline_copy_from_sql_server_to_blob",
      "provider": "provider[\"registry.terraform.io/hashicorp/azurerm\"]",
      "instances": [
        {
          "schema_version": 0,
          "attributes": {
            "activities_json": "[{\"dependsOn\":[],\"inputs\":[{\"referenceName\":\"adfdssqlserver01\",\"type\":\"DatasetReference\"}],\"name\":\"Copy_SqlServerToBlob\",\"outputs\":[{\"referenceName\":\"adfdsblob01\",\"type\":\"DatasetReference\"}],\"policy\":{\"retry\":0,\"retryIntervalInSeconds\":30,\"secureInput\":false,\"secureOutput\":false,\"timeout\":\"7.00:00:00\"},\"type\":\"Copy\",\"typeProperties\":{\"source\":{\"partitionOption\":\"None\",\"queryTimeout\":\"02:00:00\",\"type\":\"SqlServerSource\"},\"sink\":{\"type\":\"BlobSink\"},\"enableStaging\":false},\"userProperties\":[]}]",
            "annotations": [],
            "data_factory_name": "adftestal",
            "description": "",
            "id": "/subscriptions/b54182d2-60c0-4e34-b1ab-499a3394771d/resourceGroups/adf_example_dev/providers/Microsoft.DataFactory/factories/adftestal/pipelines/adfpipelinecopyfromsqlservertoblob",
            "name": "adfpipelinecopyfromsqlservertoblob",
            "parameters": {},
            "resource_group_name": "adf_example_dev",
            "timeouts": null,
            "variables": {}
          },
          "sensitive_attributes": [],
          "private": "eyJlMmJmYjczMC1lY2FhLTExZTYtOGY4OC0zNDM2M2JjN2M0YzAiOnsiY3JlYXRlIjoxODAwMDAwMDAwMDAwLCJkZWxldGUiOjE4MDAwMDAwMDAwMDAsInJlYWQiOjMwMDAwMDAwMDAwMCwidXBkYXRlIjoxODAwMDAwMDAwMDAwfX0=",
          "dependencies": [
            "azurerm_data_factory.adf_test"
          ]
        }
      ]
    },
    {
      "mode": "managed",
      "type": "azurerm_data_factory_pipeline",
      "name": "adf_pipeline_copy_new_files_by_last_modified",
      "provider": "provider[\"registry.terraform.io/hashicorp/azurerm\"]",
      "instances": [
        {
          "schema_version": 0,
          "attributes": {
            "activities_json": "[{\"dependsOn\":[],\"description\":\"Copy new and changed files only by using LastModifiedDate\",\"name\":\"CopyNewFiles\",\"policy\":{\"retry\":0,\"retryIntervalInSeconds\":30,\"secureInput\":false,\"secureOutput\":false,\"timeout\":\"7.00:00:00\"},\"type\":\"Copy\",\"typeProperties\":{\"source\":{\"storeSettings\":{\"modifiedDatetimeEnd\":{\"type\":\"Expression\",\"value\":\"\"},\"modifiedDatetimeStart\":{\"type\":\"Expression\",\"value\":\"\"},\"recursive\":true,\"type\":\"AzureBlobStorageReadSettings\",\"wildcardFileName\":{\"type\":\"Expression\",\"value\":\"*\"}},\"type\":\"BinarySource\"},\"sink\":{\"storeSettings\":{\"type\":\"AzureBlobFSWriteSettings\"},\"type\":\"BinarySink\"},\"enableStaging\":false},\"userProperties\":[]}]",
            "annotations": [],
            "data_factory_name": "adftestal",
            "description": "",
            "id": "/subscriptions/b54182d2-60c0-4e34-b1ab-499a3394771d/resourceGroups/adf_example_dev/providers/Microsoft.DataFactory/factories/adftestal/pipelines/adfpipelinecopynewfilesbylastmodified",
            "name": "adfpipelinecopynewfilesbylastmodified",
            "parameters": {},
            "resource_group_name": "adf_example_dev",
            "timeouts": null,
            "variables": {}
          },
          "sensitive_attributes": [],
          "private": "eyJlMmJmYjczMC1lY2FhLTExZTYtOGY4OC0zNDM2M2JjN2M0YzAiOnsiY3JlYXRlIjoxODAwMDAwMDAwMDAwLCJkZWxldGUiOjE4MDAwMDAwMDAwMDAsInJlYWQiOjMwMDAwMDAwMDAwMCwidXBkYXRlIjoxODAwMDAwMDAwMDAwfX0=",
          "dependencies": [
            "azurerm_data_factory.adf_test"
          ]
        }
      ]
    },
    {
      "mode": "managed",
      "type": "azurerm_data_factory_pipeline",
      "name": "adf_pipeline_remove_alphanumeric",
      "provider": "provider[\"registry.terraform.io/hashicorp/azurerm\"]",
      "instances": [
        {
          "schema_version": 0,
          "attributes": {
            "activities_json": "[{\"dependsOn\":[],\"inputs\":[{\"referenceName\":\"adfdsblob01\",\"type\":\"DatasetReference\"}],\"name\":\"Copy data1\",\"outputs\":[{\"referenceName\":\"adfdssqlserver01\",\"type\":\"DatasetReference\"}],\"policy\":{\"retry\":0,\"retryIntervalInSeconds\":30,\"secureInput\":false,\"secureOutput\":false,\"timeout\":\"7.00:00:00\"},\"type\":\"Copy\",\"typeProperties\":{\"source\":{\"recursive\":true,\"type\":\"BlobSource\"},\"sink\":{\"type\":\"SqlServerSink\"},\"enableStaging\":false},\"userProperties\":[]},{\"dependsOn\":[{\"activity\":\"Copy data1\",\"dependencyConditions\":[\"Succeeded\"]}],\"name\":\"Dataflow\",\"policy\":{\"retry\":0,\"retryIntervalInSeconds\":30,\"secureInput\":false,\"secureOutput\":false,\"timeout\":\"1.00:00:00\"},\"type\":\"ExecuteDataFlow\",\"typeProperties\":{\"dataFlow\":{\"type\":\"DataFlowReference\",\"referenceName\":\"RemoveNonAlphanumeric\"},\"compute\":{\"computeType\":\"General\",\"coreCount\":8},\"traceLevel\":\"Fine\"},\"userProperties\":[]}]",
            "annotations": [],
            "data_factory_name": "adftestal",
            "description": "",
            "id": "/subscriptions/b54182d2-60c0-4e34-b1ab-499a3394771d/resourceGroups/adf_example_dev/providers/Microsoft.DataFactory/factories/adftestal/pipelines/adfpipelineremovealphanumeric",
            "name": "adfpipelineremovealphanumeric",
            "parameters": {},
            "resource_group_name": "adf_example_dev",
            "timeouts": null,
            "variables": {}
          },
          "sensitive_attributes": [],
          "private": "eyJlMmJmYjczMC1lY2FhLTExZTYtOGY4OC0zNDM2M2JjN2M0YzAiOnsiY3JlYXRlIjoxODAwMDAwMDAwMDAwLCJkZWxldGUiOjE4MDAwMDAwMDAwMDAsInJlYWQiOjMwMDAwMDAwMDAwMCwidXBkYXRlIjoxODAwMDAwMDAwMDAwfX0=",
          "dependencies": [
            "azurerm_data_factory.adf_test"
          ]
        }
      ]
    },
    {
      "mode": "managed",
      "type": "azurerm_data_factory_trigger_schedule",
      "name": "adf_trigger_schedule",
      "provider": "provider[\"registry.terraform.io/hashicorp/azurerm\"]",
      "instances": [
        {
          "schema_version": 0,
          "attributes": {
            "annotations": [],
            "data_factory_name": "adftestal",
            "end_time": null,
            "frequency": "Day",
            "id": "/subscriptions/b54182d2-60c0-4e34-b1ab-499a3394771d/resourceGroups/adf_example_dev/providers/Microsoft.DataFactory/factories/adftestal/triggers/adftriggerschedule",
            "interval": 5,
            "name": "adftriggerschedule",
            "pipeline_name": "adfpipelinecopyfromblobtosqlserver",
            "pipeline_parameters": {},
            "resource_group_name": "adf_example_dev",
            "start_time": "2021-07-02T23:05:38Z",
            "timeouts": null
          },
          "sensitive_attributes": [],
          "private": "eyJlMmJmYjczMC1lY2FhLTExZTYtOGY4OC0zNDM2M2JjN2M0YzAiOnsiY3JlYXRlIjoxODAwMDAwMDAwMDAwLCJkZWxldGUiOjE4MDAwMDAwMDAwMDAsInJlYWQiOjMwMDAwMDAwMDAwMCwidXBkYXRlIjoxODAwMDAwMDAwMDAwfX0=",
          "dependencies": [
            "azurerm_data_factory.adf_test",
            "azurerm_data_factory_pipeline.adf_pipeline_copy_from_blob_to_sql_server"
          ]
        }
      ]
    },
    {
      "mode": "managed",
      "type": "azurerm_key_vault",
      "name": "vault",
      "provider": "provider[\"registry.terraform.io/hashicorp/azurerm\"]",
      "instances": [
        {
          "schema_version": 2,
          "attributes": {
            "access_policy": [
              {
                "application_id": "",
                "certificate_permissions": [],
                "key_permissions": [
                  "create",
                  "get",
                  "list",
                  "update",
                  "create",
                  "import",
                  "delete",
                  "restore",
                  "purge",
                  "recover"
                ],
                "object_id": "dbe772cc-62c3-4e41-8051-6a6d93d6fa86",
                "secret_permissions": [
                  "list",
                  "set",
                  "get",
                  "delete",
                  "purge",
                  "recover",
                  "backup",
                  "restore"
                ],
                "storage_permissions": [],
                "tenant_id": "e0793d39-0939-496d-b129-198edd916feb"
              },
              {
                "application_id": "",
                "certificate_permissions": [],
                "key_permissions": [
                  "create",
                  "get",
                  "list",
                  "update",
                  "create",
                  "import",
                  "delete",
                  "restore",
                  "purge",
                  "recover"
                ],
                "object_id": "2e5c5df3-18ab-46d9-8b68-5e8de931a8ff",
                "secret_permissions": [
                  "list",
                  "set",
                  "get",
                  "delete",
                  "purge",
                  "recover",
                  "backup",
                  "restore"
                ],
                "storage_permissions": [],
                "tenant_id": "e0793d39-0939-496d-b129-198edd916feb"
              }
            ],
            "contact": [],
            "enable_rbac_authorization": false,
            "enabled_for_deployment": false,
            "enabled_for_disk_encryption": false,
            "enabled_for_template_deployment": false,
            "id": "/subscriptions/b54182d2-60c0-4e34-b1ab-499a3394771d/resourceGroups/adf_example_dev/providers/Microsoft.KeyVault/vaults/suncorsbxarmkeyuw2suncor",
            "location": "canadacentral",
            "name": "suncorsbxarmkeyuw2suncor",
            "network_acls": [
              {
                "bypass": "AzureServices",
                "default_action": "Allow",
                "ip_rules": [],
                "virtual_network_subnet_ids": []
              }
            ],
            "purge_protection_enabled": false,
            "resource_group_name": "adf_example_dev",
            "sku_name": "standard",
            "soft_delete_enabled": true,
            "soft_delete_retention_days": 90,
            "tags": {
              "BillingIndicator": "#######",
              "ConsumerOrganization1": "Corporate",
              "ConsumerOrganization2": "TMO",
              "EnvironmentType": "SBX",
              "SupportStatus": "ABO"
            },
            "tenant_id": "e0793d39-0939-496d-b129-198edd916feb",
            "timeouts": null,
            "vault_uri": "https://suncorsbxarmkeyuw2suncor.vault.azure.net/"
          },
          "sensitive_attributes": [],
          "private": "eyJlMmJmYjczMC1lY2FhLTExZTYtOGY4OC0zNDM2M2JjN2M0YzAiOnsiY3JlYXRlIjoxODAwMDAwMDAwMDAwLCJkZWxldGUiOjE4MDAwMDAwMDAwMDAsInJlYWQiOjMwMDAwMDAwMDAwMCwidXBkYXRlIjoxODAwMDAwMDAwMDAwfSwic2NoZW1hX3ZlcnNpb24iOiIyIn0=",
          "dependencies": [
            "data.azurerm_client_config.current"
          ]
        }
      ]
    },
    {
      "mode": "managed",
      "type": "azurerm_key_vault_secret",
      "name": "secret",
      "provider": "provider[\"registry.terraform.io/hashicorp/azurerm\"]",
      "instances": [
        {
          "schema_version": 0,
          "attributes": {
            "content_type": "",
            "expiration_date": null,
            "id": "https://suncorsbxarmkeyuw2suncor.vault.azure.net/secrets/adfstorageal-key/c7a3e1ff69864c5498fe32cd89541f9e",
            "key_vault_id": "/subscriptions/b54182d2-60c0-4e34-b1ab-499a3394771d/resourceGroups/adf_example_dev/providers/Microsoft.KeyVault/vaults/suncorsbxarmkeyuw2suncor",
            "name": "adfstorageal-key",
            "not_before_date": null,
            "tags": {},
            "timeouts": null,
            "value": "fVVUS2uVY3IUv2okuVy0cGS7gkMZRHDewIQJni5oOqek5T3QX674Gcf4dqMdAPh3bopzbPp+Rf2+3r9Yu/xTCQ==",
            "version": "c7a3e1ff69864c5498fe32cd89541f9e"
          },
          "sensitive_attributes": [
            [
              {
                "type": "get_attr",
                "value": "value"
              }
            ]
          ],
          "private": "eyJlMmJmYjczMC1lY2FhLTExZTYtOGY4OC0zNDM2M2JjN2M0YzAiOnsiY3JlYXRlIjoxODAwMDAwMDAwMDAwLCJkZWxldGUiOjE4MDAwMDAwMDAwMDAsInJlYWQiOjMwMDAwMDAwMDAwMCwidXBkYXRlIjoxODAwMDAwMDAwMDAwfX0=",
          "dependencies": [
            "azurerm_key_vault.vault",
            "azurerm_storage_account.adf_storage",
            "data.azurerm_client_config.current"
          ]
        }
      ]
    },
    {
      "mode": "managed",
      "type": "azurerm_key_vault_secret",
      "name": "token",
      "provider": "provider[\"registry.terraform.io/hashicorp/azurerm\"]",
      "instances": [
        {
          "schema_version": 0,
          "attributes": {
            "content_type": "",
            "expiration_date": "2028-03-11T23:59:59Z",
            "id": "https://suncorsbxarmkeyuw2suncor.vault.azure.net/secrets/adfstorageal-token/2f856abebdf440c1a7e6914e9e24c79e",
            "key_vault_id": "/subscriptions/b54182d2-60c0-4e34-b1ab-499a3394771d/resourceGroups/adf_example_dev/providers/Microsoft.KeyVault/vaults/suncorsbxarmkeyuw2suncor",
            "name": "adfstorageal-token",
            "not_before_date": null,
            "tags": {},
            "timeouts": null,
            "value": "?sv=2017-07-29\u0026ss=b\u0026srt=sco\u0026sp=rwdlacup\u0026se=2028-03-11\u0026st=2020-03-11\u0026spr=https\u0026sig=%2FgKQJfC1qdK26FD6hhHF0ko7es8qrol9E0yltwhELD4%3D",
            "version": "2f856abebdf440c1a7e6914e9e24c79e"
          },
          "sensitive_attributes": [
            [
              {
                "type": "get_attr",
                "value": "value"
              }
            ]
          ],
          "private": "eyJlMmJmYjczMC1lY2FhLTExZTYtOGY4OC0zNDM2M2JjN2M0YzAiOnsiY3JlYXRlIjoxODAwMDAwMDAwMDAwLCJkZWxldGUiOjE4MDAwMDAwMDAwMDAsInJlYWQiOjMwMDAwMDAwMDAwMCwidXBkYXRlIjoxODAwMDAwMDAwMDAwfX0=",
          "dependencies": [
            "azurerm_key_vault.vault",
            "azurerm_storage_account.adf_storage",
            "data.azurerm_client_config.current",
            "data.azurerm_storage_account_sas.storage_sas_token"
          ]
        }
      ]
    },
    {
      "mode": "managed",
      "type": "azurerm_resource_group",
      "name": "resource-group-dev",
      "provider": "provider[\"registry.terraform.io/hashicorp/azurerm\"]",
      "instances": [
        {
          "schema_version": 0,
          "attributes": {
            "id": "/subscriptions/b54182d2-60c0-4e34-b1ab-499a3394771d/resourceGroups/adf_example_dev",
            "location": "canadacentral",
            "name": "adf_example_dev",
            "tags": {},
            "timeouts": null
          },
          "sensitive_attributes": [],
          "private": "eyJlMmJmYjczMC1lY2FhLTExZTYtOGY4OC0zNDM2M2JjN2M0YzAiOnsiY3JlYXRlIjo1NDAwMDAwMDAwMDAwLCJkZWxldGUiOjU0MDAwMDAwMDAwMDAsInJlYWQiOjMwMDAwMDAwMDAwMCwidXBkYXRlIjo1NDAwMDAwMDAwMDAwfX0="
        }
      ]
    },
    {
      "mode": "managed",
      "type": "azurerm_resource_group_template_deployment",
      "name": "adf_arm_deployment",
      "provider": "provider[\"registry.terraform.io/hashicorp/azurerm\"]",
      "instances": [
        {
          "schema_version": 0,
          "attributes": {
            "debug_level": "",
            "deployment_mode": "Complete",
            "id": "/subscriptions/b54182d2-60c0-4e34-b1ab-499a3394771d/resourceGroups/adf_example_dev/providers/Microsoft.Resources/deployments/adfarmdeployment",
            "name": "adfarmdeployment",
            "output_content": "{}",
            "parameters_content": "{\"factoryName\":{\"value\":\"adftestal\"}}",
            "resource_group_name": "adf_example_dev",
            "tags": {},
            "template_content": "{\"$schema\":\"https://schema.management.azure.com/schemas/2019-04-01/deploymentTemplate.json#\",\"contentVersion\":\"1.0.0.0\",\"parameters\":{\"factoryName\":{\"defaultValue\":\"adftestal\",\"metadata\":\"Data Factory name\",\"type\":\"String\"}},\"resources\":[{\"apiVersion\":\"2018-06-01\",\"dependsOn\":[],\"name\":\"[concat(parameters('factoryName'), '/datasource')]\",\"properties\":{\"annotations\":[],\"linkedServiceName\":{\"referenceName\":\"\",\"type\":\"LinkedServiceReference\"},\"schema\":[],\"type\":\"DelimitedText\",\"typeProperties\":{\"columnDelimiter\":\",\",\"escapeChar\":\"\\\\\",\"firstRowAsHeader\":true,\"quoteChar\":\"\\\"\"}},\"type\":\"Microsoft.DataFactory/factories/datasets\"}]}",
            "timeouts": null
          },
          "sensitive_attributes": [],
          "private": "eyJlMmJmYjczMC1lY2FhLTExZTYtOGY4OC0zNDM2M2JjN2M0YzAiOnsiY3JlYXRlIjoxMDgwMDAwMDAwMDAwMCwiZGVsZXRlIjoxMDgwMDAwMDAwMDAwMCwicmVhZCI6MzAwMDAwMDAwMDAwLCJ1cGRhdGUiOjEwODAwMDAwMDAwMDAwfX0="
        }
      ]
    },
    {
      "mode": "managed",
      "type": "azurerm_storage_account",
      "name": "adf_storage",
      "provider": "provider[\"registry.terraform.io/hashicorp/azurerm\"]",
      "instances": [
        {
          "schema_version": 2,
          "attributes": {
            "access_tier": "Hot",
            "account_kind": "StorageV2",
            "account_replication_type": "LRS",
            "account_tier": "Standard",
            "allow_blob_public_access": false,
            "blob_properties": [],
            "custom_domain": [],
            "enable_https_traffic_only": true,
            "id": "/subscriptions/b54182d2-60c0-4e34-b1ab-499a3394771d/resourceGroups/adf_example_dev/providers/Microsoft.Storage/storageAccounts/adfstorageal",
            "identity": [],
            "is_hns_enabled": false,
            "large_file_share_enabled": null,
            "location": "canadacentral",
            "min_tls_version": "TLS1_0",
            "name": "adfstorageal",
            "network_rules": [
              {
                "bypass": [
                  "AzureServices"
                ],
                "default_action": "Allow",
                "ip_rules": [],
                "virtual_network_subnet_ids": []
              }
            ],
            "primary_access_key": "fVVUS2uVY3IUv2okuVy0cGS7gkMZRHDewIQJni5oOqek5T3QX674Gcf4dqMdAPh3bopzbPp+Rf2+3r9Yu/xTCQ==",
            "primary_blob_connection_string": "DefaultEndpointsProtocol=https;BlobEndpoint=https://adfstorageal.blob.core.windows.net/;AccountName=adfstorageal;AccountKey=fVVUS2uVY3IUv2okuVy0cGS7gkMZRHDewIQJni5oOqek5T3QX674Gcf4dqMdAPh3bopzbPp+Rf2+3r9Yu/xTCQ==",
            "primary_blob_endpoint": "https://adfstorageal.blob.core.windows.net/",
            "primary_blob_host": "adfstorageal.blob.core.windows.net",
            "primary_connection_string": "DefaultEndpointsProtocol=https;AccountName=adfstorageal;AccountKey=fVVUS2uVY3IUv2okuVy0cGS7gkMZRHDewIQJni5oOqek5T3QX674Gcf4dqMdAPh3bopzbPp+Rf2+3r9Yu/xTCQ==;EndpointSuffix=core.windows.net",
            "primary_dfs_endpoint": "https://adfstorageal.dfs.core.windows.net/",
            "primary_dfs_host": "adfstorageal.dfs.core.windows.net",
            "primary_file_endpoint": "https://adfstorageal.file.core.windows.net/",
            "primary_file_host": "adfstorageal.file.core.windows.net",
            "primary_location": "canadacentral",
            "primary_queue_endpoint": "https://adfstorageal.queue.core.windows.net/",
            "primary_queue_host": "adfstorageal.queue.core.windows.net",
            "primary_table_endpoint": "https://adfstorageal.table.core.windows.net/",
            "primary_table_host": "adfstorageal.table.core.windows.net",
            "primary_web_endpoint": "https://adfstorageal.z9.web.core.windows.net/",
            "primary_web_host": "adfstorageal.z9.web.core.windows.net",
            "queue_properties": [
              {
                "cors_rule": [],
                "hour_metrics": [
                  {
                    "enabled": true,
                    "include_apis": true,
                    "retention_policy_days": 7,
                    "version": "1.0"
                  }
                ],
                "logging": [
                  {
                    "delete": false,
                    "read": false,
                    "retention_policy_days": 0,
                    "version": "1.0",
                    "write": false
                  }
                ],
                "minute_metrics": [
                  {
                    "enabled": false,
                    "include_apis": false,
                    "retention_policy_days": 0,
                    "version": "1.0"
                  }
                ]
              }
            ],
            "resource_group_name": "adf_example_dev",
            "secondary_access_key": "5/Fi65zZX8eBb7zbfsGpu75uSb7LDA5uwAm1+jYp3o6iPgL73U0vkh2gKEFuGRu8drvVD0Swp7KLxJQPL06BVA==",
            "secondary_blob_connection_string": "",
            "secondary_blob_endpoint": null,
            "secondary_blob_host": null,
            "secondary_connection_string": "DefaultEndpointsProtocol=https;AccountName=adfstorageal;AccountKey=5/Fi65zZX8eBb7zbfsGpu75uSb7LDA5uwAm1+jYp3o6iPgL73U0vkh2gKEFuGRu8drvVD0Swp7KLxJQPL06BVA==;EndpointSuffix=core.windows.net",
            "secondary_dfs_endpoint": null,
            "secondary_dfs_host": null,
            "secondary_file_endpoint": null,
            "secondary_file_host": null,
            "secondary_location": "",
            "secondary_queue_endpoint": null,
            "secondary_queue_host": null,
            "secondary_table_endpoint": null,
            "secondary_table_host": null,
            "secondary_web_endpoint": null,
            "secondary_web_host": null,
            "static_website": [],
            "tags": {
              "do": "delete",
              "environment": "dev"
            },
            "timeouts": null
          },
          "sensitive_attributes": [],
          "private": "eyJlMmJmYjczMC1lY2FhLTExZTYtOGY4OC0zNDM2M2JjN2M0YzAiOnsiY3JlYXRlIjozNjAwMDAwMDAwMDAwLCJkZWxldGUiOjM2MDAwMDAwMDAwMDAsInJlYWQiOjMwMDAwMDAwMDAwMCwidXBkYXRlIjozNjAwMDAwMDAwMDAwfSwic2NoZW1hX3ZlcnNpb24iOiIyIn0="
        }
      ]
    },
    {
      "mode": "managed",
      "type": "azurerm_storage_container",
      "name": "adf_storage_source_01",
      "provider": "provider[\"registry.terraform.io/hashicorp/azurerm\"]",
      "instances": [
        {
          "schema_version": 1,
          "attributes": {
            "container_access_type": "private",
            "has_immutability_policy": false,
            "has_legal_hold": false,
            "id": "https://adfstorageal.blob.core.windows.net/adfstoragesource01",
            "metadata": {},
            "name": "adfstoragesource01",
            "resource_manager_id": "/subscriptions/b54182d2-60c0-4e34-b1ab-499a3394771d/resourceGroups/adf_example_dev/providers/Microsoft.Storage/storageAccounts/adfstorageal/blobServices/default/containers/adfstoragesource01",
            "storage_account_name": "adfstorageal",
            "timeouts": null
          },
          "sensitive_attributes": [],
          "private": "eyJlMmJmYjczMC1lY2FhLTExZTYtOGY4OC0zNDM2M2JjN2M0YzAiOnsiY3JlYXRlIjoxODAwMDAwMDAwMDAwLCJkZWxldGUiOjE4MDAwMDAwMDAwMDAsInJlYWQiOjMwMDAwMDAwMDAwMCwidXBkYXRlIjoxODAwMDAwMDAwMDAwfSwic2NoZW1hX3ZlcnNpb24iOiIxIn0=",
          "dependencies": [
            "azurerm_storage_account.adf_storage"
          ]
        }
      ]
    },
    {
      "mode": "managed",
      "type": "azurerm_storage_container",
      "name": "adf_storage_target_01",
      "provider": "provider[\"registry.terraform.io/hashicorp/azurerm\"]",
      "instances": [
        {
          "schema_version": 1,
          "attributes": {
            "container_access_type": "private",
            "has_immutability_policy": false,
            "has_legal_hold": false,
            "id": "https://adfstorageal.blob.core.windows.net/adfstoragetarget01",
            "metadata": {},
            "name": "adfstoragetarget01",
            "resource_manager_id": "/subscriptions/b54182d2-60c0-4e34-b1ab-499a3394771d/resourceGroups/adf_example_dev/providers/Microsoft.Storage/storageAccounts/adfstorageal/blobServices/default/containers/adfstoragetarget01",
            "storage_account_name": "adfstorageal",
            "timeouts": null
          },
          "sensitive_attributes": [],
          "private": "eyJlMmJmYjczMC1lY2FhLTExZTYtOGY4OC0zNDM2M2JjN2M0YzAiOnsiY3JlYXRlIjoxODAwMDAwMDAwMDAwLCJkZWxldGUiOjE4MDAwMDAwMDAwMDAsInJlYWQiOjMwMDAwMDAwMDAwMCwidXBkYXRlIjoxODAwMDAwMDAwMDAwfSwic2NoZW1hX3ZlcnNpb24iOiIxIn0=",
          "dependencies": [
            "azurerm_storage_account.adf_storage"
          ]
        }
      ]
    },
    {
      "mode": "managed",
      "type": "azurerm_template_deployment",
      "name": "adf_terraform_arm_deployment",
      "provider": "provider[\"registry.terraform.io/hashicorp/azurerm\"]",
      "instances": [
        {
          "schema_version": 0,
          "attributes": {
            "deployment_mode": "Incremental",
            "id": "/subscriptions/b54182d2-60c0-4e34-b1ab-499a3394771d/resourceGroups/adf_example_dev/providers/Microsoft.Resources/deployments/adfterraformarmdeployment",
            "name": "adfterraformarmdeployment",
            "outputs": {},
            "parameters": null,
            "parameters_body": null,
            "resource_group_name": "adf_example_dev",
            "template_body": "{\"$schema\":\"http://schema.management.azure.com/schemas/2015-01-01/deploymentTemplate.json#\",\"contentVersion\":\"1.0.0.0\",\"parameters\":{\"factoryName\":{\"defaultValue\":\"adftestal\",\"metadata\":\"Data Factory name\",\"type\":\"string\"}},\"resources\":[{\"apiVersion\":\"2018-06-01\",\"dependsOn\":[],\"name\":\"[concat(parameters('factoryName'), '/datasource')]\",\"properties\":{\"annotations\":[],\"linkedServiceName\":{\"referenceName\":\"adfbloblink01\",\"type\":\"LinkedServiceReference\"},\"schema\":[],\"type\":\"DelimitedText\",\"typeProperties\":{\"columnDelimiter\":\",\",\"escapeChar\":\"\\\\\",\"firstRowAsHeader\":true,\"quoteChar\":\"\\\"\"}},\"type\":\"Microsoft.DataFactory/factories/datasets\"},{\"apiVersion\":\"2018-06-01\",\"name\":\"[concat(parameters('factoryName'), '/AggregateStrings')]\",\"properties\":{\"description\":\"After grouping by a specified column, aggregates all values from a field into a single string separated by commas.\\nHow to use:\\nPopulate the GroupByColumnName parameter to specify which column to group by and populate the AggregateColumnName parameter to combine the values into a single separated string. Update the source and sink reference datasets.\",\"type\":\"MappingDataFlow\",\"typeProperties\":{\"script\":\"parameters{\\n\\tGroupByColumnName as string,\\n\\tAggregateColumnName as string\\n}\\nsource(allowSchemaDrift: true,\\n\\tvalidateSchema: false,\\n\\tignoreNoFilesFound: false) ~\\u003e source1\\nsource1 aggregate(groupBy(GroupByColumnName = $GroupByColumnName),\\n\\tstring_agg = collect($AggregateColumnName)) ~\\u003e Aggregate1\\nAggregate1 derive(string_agg = toString(string_agg)) ~\\u003e StringAgg\\nStringAgg sink(allowSchemaDrift: true,\\n\\tvalidateSchema: false,\\n\\tskipDuplicateMapInputs: true,\\n\\tskipDuplicateMapOutputs: true) ~\\u003e sink1\",\"sinks\":[{\"dataset\":{\"referenceName\":\"datasource\",\"type\":\"DatasetReference\"},\"name\":\"sink1\"}],\"sources\":[{\"dataset\":{\"referenceName\":\"datasource\",\"type\":\"DatasetReference\"},\"name\":\"source1\"}],\"transformations\":[{\"name\":\"Aggregate1\"},{\"name\":\"StringAgg\"}]}},\"type\":\"Microsoft.DataFactory/factories/dataflows\"},{\"apiVersion\":\"2018-06-01\",\"name\":\"[concat(parameters('factoryName'), '/CalculateMovingAverage')]\",\"properties\":{\"description\":\"Calculates a 15 day moving average and rounds to two decimal places.\\nHow to use:\\n1. Specify the KeyColumn to group by for example a stock ticker symbol.\\n2. Specify the DateColumn to sort the dataset ascending\\n3. Specify the ValueColumn where the average will be performed on, this expects a double.\\n4. Update the source and sink reference dataset.\\n\",\"type\":\"MappingDataFlow\",\"typeProperties\":{\"script\":\"parameters{\\n\\tKeyColumn as string,\\n\\tDateColumn as date,\\n\\tValueColumn as double\\n}\\nsource(allowSchemaDrift: true,\\n\\tvalidateSchema: false,\\n\\tignoreNoFilesFound: false) ~\\u003e source1\\nsource1 window(over(MovingAverageColumn = $KeyColumn),\\n\\tasc($DateColumn, true),\\n\\tstartRowOffset: -7L,\\n\\tendRowOffset: 7L,\\n\\tFifteenDayMovingAvg = round(avg($ValueColumn),2)) ~\\u003e Window1\\nWindow1 sink(allowSchemaDrift: true,\\n\\tvalidateSchema: false,\\n\\tskipDuplicateMapInputs: true,\\n\\tskipDuplicateMapOutputs: true) ~\\u003e sink1\",\"sinks\":[{\"dataset\":{\"referenceName\":\"datasource\",\"type\":\"DatasetReference\"},\"name\":\"sink1\"}],\"sources\":[{\"dataset\":{\"referenceName\":\"datasource\",\"type\":\"DatasetReference\"},\"name\":\"source1\"}],\"transformations\":[{\"name\":\"Window1\"}]}},\"type\":\"Microsoft.DataFactory/factories/dataflows\"},{\"apiVersion\":\"2018-06-01\",\"name\":\"[concat(parameters('factoryName'), '/CheckNullColumns')]\",\"properties\":{\"description\":\"Identifies records where any column has a NULL value.\\nHow to use:\\nUpdate the source and sink reference datasets.\",\"type\":\"MappingDataFlow\",\"typeProperties\":{\"script\":\"source(allowSchemaDrift: true,\\n\\tvalidateSchema: false,\\n\\tignoreNoFilesFound: false) ~\\u003e source1\\nsource1 split(contains(array(columns()),isNull(#item)),\\n\\tdisjoint: false) ~\\u003e LookForNULLs@(hasNULLs, noNULLs)\\nLookForNULLs@hasNULLs sink(allowSchemaDrift: true,\\n\\tvalidateSchema: false,\\n\\tskipDuplicateMapInputs: true,\\n\\tskipDuplicateMapOutputs: true) ~\\u003e sink1\",\"sinks\":[{\"dataset\":{\"referenceName\":\"datasource\",\"type\":\"DatasetReference\"},\"name\":\"sink1\"}],\"sources\":[{\"dataset\":{\"referenceName\":\"datasource\",\"type\":\"DatasetReference\"},\"name\":\"source1\"}],\"transformations\":[{\"name\":\"LookForNULLs\"}]}},\"type\":\"Microsoft.DataFactory/factories/dataflows\"},{\"apiVersion\":\"2018-06-01\",\"name\":\"[concat(parameters('factoryName'), '/CountDistinctRows')]\",\"properties\":{\"description\":\"Returns the first occurrence of all distinct rows based on all column values.\\nHow to use:\\nUpdate the source and sink reference datasets.\",\"type\":\"MappingDataFlow\",\"typeProperties\":{\"script\":\"source(allowSchemaDrift: true,\\n\\tvalidateSchema: false,\\n\\tignoreNoFilesFound: false) ~\\u003e source1\\nsource1 aggregate(groupBy(mycols = sha2(256,columns())),\\n\\teach(match(true()), $$ = first($$))) ~\\u003e DistinctRows\\nDistinctRows sink(allowSchemaDrift: true,\\n\\tvalidateSchema: false,\\n\\tskipDuplicateMapInputs: true,\\n\\tskipDuplicateMapOutputs: true) ~\\u003e sink1\",\"sinks\":[{\"dataset\":{\"referenceName\":\"datasource\",\"type\":\"DatasetReference\"},\"name\":\"sink1\"}],\"sources\":[{\"dataset\":{\"referenceName\":\"datasource\",\"type\":\"DatasetReference\"},\"name\":\"source1\"}],\"transformations\":[{\"name\":\"DistinctRows\"}]}},\"type\":\"Microsoft.DataFactory/factories/dataflows\"},{\"apiVersion\":\"2018-06-01\",\"name\":\"[concat(parameters('factoryName'), '/CountDistinctValues')]\",\"properties\":{\"description\":\"Aggregates the data to determine the number of distinct values for a specified field and the number of unique values for that field.\\nHow to use:\\nPopulate the ColumnName parameter to group by and the source and sink reference datasets.\",\"type\":\"MappingDataFlow\",\"typeProperties\":{\"script\":\"parameters{\\n\\tColumnName as string\\n}\\nsource(allowSchemaDrift: true,\\n\\tvalidateSchema: false,\\n\\tignoreNoFilesFound: false) ~\\u003e source1\\nsource1 aggregate(groupBy(GroupByFieldName = $ColumnName),\\n\\tcountunique = count()) ~\\u003e ValueDistAgg\\nValueDistAgg aggregate(numofunique = countIf(countunique==1),\\n\\t\\tnumofdistinct = countDistinct($ColumnName)) ~\\u003e UniqDist\\nUniqDist sink(allowSchemaDrift: true,\\n\\tvalidateSchema: false,\\n\\tskipDuplicateMapInputs: true,\\n\\tskipDuplicateMapOutputs: true) ~\\u003e sink1\",\"sinks\":[{\"dataset\":{\"referenceName\":\"datasource\",\"type\":\"DatasetReference\"},\"name\":\"sink1\"}],\"sources\":[{\"dataset\":{\"referenceName\":\"datasource\",\"type\":\"DatasetReference\"},\"name\":\"source1\"}],\"transformations\":[{\"name\":\"ValueDistAgg\"},{\"name\":\"UniqDist\"}]}},\"type\":\"Microsoft.DataFactory/factories/dataflows\"},{\"apiVersion\":\"2018-06-01\",\"name\":\"[concat(parameters('factoryName'), '/ImputeFillDown')]\",\"properties\":{\"description\":\"Replace NULL values with the values from the previous non-NULL value in the sequence.\\nHow to use:\\nUpdate the SortByColumnName parameter with the column to sequence the dataset.\\nSpecify the FillColumnName to be imputed with the last known value.\\nUpdate the source and sink reference datasets\",\"type\":\"MappingDataFlow\",\"typeProperties\":{\"script\":\"parameters{\\n\\tFillColumnName as string,\\n\\tSortByColumnName as string\\n}\\nsource(allowSchemaDrift: true,\\n\\tvalidateSchema: false,\\n\\tignoreNoFilesFound: false) ~\\u003e source1\\nSort1 derive(dummy = 1) ~\\u003e DerivedColumn\\nDerivedColumn keyGenerate(output(sk as long),\\n\\tstartAt: 1L) ~\\u003e SurrogateKey\\nSurrogateKey window(over(dummy),\\n\\tasc(sk, true),\\n\\tFilledColumn = coalesce($FillColumnName, last($FillColumnName, true()))) ~\\u003e Window1\\nsource1 sort(asc($SortByColumnName, true)) ~\\u003e Sort1\\nWindow1 sink(allowSchemaDrift: true,\\n\\tvalidateSchema: false,\\n\\tskipDuplicateMapInputs: true,\\n\\tskipDuplicateMapOutputs: true) ~\\u003e sink1\",\"sinks\":[{\"dataset\":{\"referenceName\":\"datasource\",\"type\":\"DatasetReference\"},\"name\":\"sink1\"}],\"sources\":[{\"dataset\":{\"referenceName\":\"datasource\",\"type\":\"DatasetReference\"},\"name\":\"source1\"}],\"transformations\":[{\"name\":\"DerivedColumn\"},{\"name\":\"SurrogateKey\"},{\"name\":\"Window1\"},{\"name\":\"Sort1\"}]}},\"type\":\"Microsoft.DataFactory/factories/dataflows\"},{\"apiVersion\":\"2018-06-01\",\"name\":\"[concat(parameters('factoryName'), '/PersistColumnDataTypes')]\",\"properties\":{\"description\":\"Generates the data type of each column to persist to a data store.\\nHow to use:\\nUpdate the source and sink reference datasets.\",\"type\":\"MappingDataFlow\",\"typeProperties\":{\"script\":\"source(allowSchemaDrift: true,\\n\\tvalidateSchema: false,\\n\\tignoreNoFilesFound: false) ~\\u003e source1\\nsource1 derive(each(match(type=='string'), $$ = 'string'),\\n\\t\\teach(match(type=='integer'), $$ = 'integer'),\\n\\t\\teach(match(type=='short'), $$ = 'short'),\\n\\t\\teach(match(type=='complex'), $$ = 'complex'),\\n\\t\\teach(match(type=='array'), $$ = 'array'),\\n\\t\\teach(match(type=='float'), $$ = 'float'),\\n\\t\\teach(match(type=='date'), $$ = 'date'),\\n\\t\\teach(match(type=='timestamp'), $$ = 'timestamp'),\\n\\t\\teach(match(type=='boolean'), $$ = 'boolean'),\\n\\t\\teach(match(type=='long'), $$ = 'long'),\\n\\t\\teach(match(type=='double'), $$ = 'double')) ~\\u003e DerivedColumn1\\nDerivedColumn1 sink(allowSchemaDrift: true,\\n\\tvalidateSchema: false,\\n\\tskipDuplicateMapInputs: true,\\n\\tskipDuplicateMapOutputs: true) ~\\u003e sink1\",\"sinks\":[{\"dataset\":{\"referenceName\":\"datasource\",\"type\":\"DatasetReference\"},\"name\":\"sink1\"}],\"sources\":[{\"dataset\":{\"referenceName\":\"datasource\",\"type\":\"DatasetReference\"},\"name\":\"source1\"}],\"transformations\":[{\"name\":\"DerivedColumn1\"}]}},\"type\":\"Microsoft.DataFactory/factories/dataflows\"},{\"apiVersion\":\"2018-06-01\",\"name\":\"[concat(parameters('factoryName'), '/RemoveDuplicates')]\",\"properties\":{\"description\":\"Remove duplicates and returns the first instance for all records\\nHow to use:\\nFill in the ColumnName Parameter with the field to group by and update the source and sink reference datasets.\",\"type\":\"MappingDataFlow\",\"typeProperties\":{\"script\":\"parameters{\\n\\tColumnName as string\\n}\\nsource(allowSchemaDrift: true,\\n\\tvalidateSchema: false,\\n\\tignoreNoFilesFound: false) ~\\u003e source1\\nsource1 aggregate(groupBy(GroupByFieldName = $ColumnName),\\n\\teach(match(name!=$ColumnName), $$ = first($$))) ~\\u003e RemoveDuplicates\\nRemoveDuplicates sink(allowSchemaDrift: true,\\n\\tvalidateSchema: false,\\n\\tskipDuplicateMapInputs: true,\\n\\tskipDuplicateMapOutputs: true) ~\\u003e sink1\",\"sinks\":[{\"dataset\":{\"referenceName\":\"datasource\",\"type\":\"DatasetReference\"},\"name\":\"sink1\"}],\"sources\":[{\"dataset\":{\"referenceName\":\"datasource\",\"type\":\"DatasetReference\"},\"name\":\"source1\"}],\"transformations\":[{\"name\":\"RemoveDuplicates\"}]}},\"type\":\"Microsoft.DataFactory/factories/dataflows\"},{\"apiVersion\":\"2018-06-01\",\"name\":\"[concat(parameters('factoryName'), '/SummarizeData')]\",\"properties\":{\"description\":\"Profiles the data by: \\n1. Counting the number of nulls and non null records\\n2. Aggregating columns to calculate the stddev, min, max, avg and variance\\n3. Length of the columns which are type string\\nHow to use:\\nUpdate the source and sink reference datasets\",\"type\":\"MappingDataFlow\",\"typeProperties\":{\"script\":\"source(allowSchemaDrift: true,\\n\\tvalidateSchema: false,\\n\\tignoreNoFilesFound: false) ~\\u003e source1\\nsource1 aggregate(each(match(true()), $$+'_NotNull' = countIf(!isNull($$)), $$ + '_Null' = countIf(isNull($$))),\\n\\t\\teach(match(type=='double'||type=='integer'||type=='short'||type=='decimal'), $$+'_stddev' = round(stddev($$),2), $$ + '_min' = min ($$), $$ + '_max' = max($$), $$ + '_average' = round(avg($$),2), $$ + '_variance' = round(variance($$),2)),\\n\\t\\teach(match(type=='string'), $$+'_maxLength' = max(length($$)))) ~\\u003e SummaryStats\\nSummaryStats sink(allowSchemaDrift: true,\\n\\tvalidateSchema: false,\\n\\tskipDuplicateMapInputs: true,\\n\\tskipDuplicateMapOutputs: true) ~\\u003e sink1\",\"sinks\":[{\"dataset\":{\"referenceName\":\"datasource\",\"type\":\"DatasetReference\"},\"name\":\"sink1\"}],\"sources\":[{\"dataset\":{\"referenceName\":\"datasource\",\"type\":\"DatasetReference\"},\"name\":\"source1\"}],\"transformations\":[{\"name\":\"SummaryStats\"}]}},\"type\":\"Microsoft.DataFactory/factories/dataflows\"},{\"apiVersion\":\"2018-06-01\",\"dependsOn\":[\"[concat(variables('factoryId'), '/datasets/datasource')]\"],\"name\":\"[concat(parameters('factoryName'), '/RemoveNonAlphanumeric')]\",\"properties\":{\"description\":\"Removes ^a-zA-Z\\\\d\\\\s: symbols from all fields\",\"type\":\"MappingDataFlow\",\"typeProperties\":{\"script\":\"parameters{\\n\\tColumnName as string\\n}\\nsource(allowSchemaDrift: true,\\n\\tvalidateSchema: false,\\n\\tignoreNoFilesFound: false) ~\\u003e source1\\nsource(allowSchemaDrift: true,\\n\\tvalidateSchema: false,\\n\\tignoreNoFilesFound: false) ~\\u003e source2\\nsource1 derive(each(match(true()), $$ = regexReplace($$,`^a-zA-Z\\\\d\\\\s:`,''))) ~\\u003e AllColumns\\nsource2 derive(each(match(name == $ColumnName), $$ = regexReplace($$,`^a-zA-Z\\\\d\\\\s:`,''))) ~\\u003e OneColumn\\nAllColumns sink(allowSchemaDrift: true,\\n\\tvalidateSchema: false,\\n\\tskipDuplicateMapInputs: true,\\n\\tskipDuplicateMapOutputs: true) ~\\u003e sink1\\nOneColumn sink(allowSchemaDrift: true,\\n\\tvalidateSchema: false,\\n\\tskipDuplicateMapInputs: true,\\n\\tskipDuplicateMapOutputs: true) ~\\u003e sink2\",\"sinks\":[{\"dataset\":{\"referenceName\":\"datasource\",\"type\":\"DatasetReference\"},\"name\":\"sink1\"},{\"dataset\":{\"referenceName\":\"datasource\",\"type\":\"DatasetReference\"},\"name\":\"sink2\"}],\"sources\":[{\"dataset\":{\"referenceName\":\"datasource\",\"type\":\"DatasetReference\"},\"name\":\"source1\"},{\"dataset\":{\"referenceName\":\"datasource\",\"type\":\"DatasetReference\"},\"name\":\"source2\"}],\"transformations\":[{\"name\":\"AllColumns\"},{\"name\":\"OneColumn\"}]}},\"type\":\"Microsoft.DataFactory/factories/dataflows\"}],\"variables\":{\"factoryId\":\"[concat('Microsoft.DataFactory/factories/', parameters('factoryName'))]\"}}",
            "timeouts": null
          },
          "sensitive_attributes": [],
          "private": "eyJlMmJmYjczMC1lY2FhLTExZTYtOGY4OC0zNDM2M2JjN2M0YzAiOnsiY3JlYXRlIjoxMDgwMDAwMDAwMDAwMCwiZGVsZXRlIjoxMDgwMDAwMDAwMDAwMCwicmVhZCI6MzAwMDAwMDAwMDAwLCJ1cGRhdGUiOjEwODAwMDAwMDAwMDAwfX0="
        }
      ]
    }
  ]
}
