{
  "version": 4,
  "terraform_version": "1.0.0",
  "serial": 45,
  "lineage": "3c949c6f-39fb-da9e-0ee9-a250fd2e07be",
  "outputs": {},
  "resources": [
    {
      "mode": "managed",
      "type": "azurerm_data_factory",
      "name": "adf_test",
      "provider": "provider[\"registry.terraform.io/hashicorp/azurerm\"]",
      "instances": [
        {
          "schema_version": 1,
          "attributes": {
            "github_configuration": [
              {
                "account_name": "\u003c\u003e",
                "branch_name": "main",
                "git_url": "https://github.com",
                "repository_name": "adf_deploy_sandbox",
                "root_folder": "/"
              }
            ],
            "id": "/subscriptions/b54182d2-60c0-4e34-b1ab-499a3394771d/resourceGroups/adf_example_dev/providers/Microsoft.DataFactory/factories/adftestal",
            "identity": [],
            "location": "canadacentral",
            "name": "adftestal",
            "public_network_enabled": true,
            "resource_group_name": "adf_example_dev",
            "tags": {},
            "timeouts": null,
            "vsts_configuration": []
          },
          "sensitive_attributes": [],
          "private": "eyJlMmJmYjczMC1lY2FhLTExZTYtOGY4OC0zNDM2M2JjN2M0YzAiOnsiY3JlYXRlIjoxODAwMDAwMDAwMDAwLCJkZWxldGUiOjE4MDAwMDAwMDAwMDAsInJlYWQiOjMwMDAwMDAwMDAwMCwidXBkYXRlIjoxODAwMDAwMDAwMDAwfSwic2NoZW1hX3ZlcnNpb24iOiIxIn0="
        }
      ]
    },
    {
      "mode": "managed",
      "type": "azurerm_data_factory_dataset_azure_blob",
      "name": "adf_ds_blob_01",
      "provider": "provider[\"registry.terraform.io/hashicorp/azurerm\"]",
      "instances": [
        {
          "schema_version": 0,
          "attributes": {
            "additional_properties": {},
            "annotations": [],
            "data_factory_name": "adftestal",
            "description": "",
            "filename": "",
            "folder": null,
            "id": "/subscriptions/b54182d2-60c0-4e34-b1ab-499a3394771d/resourceGroups/adf_example_dev/providers/Microsoft.DataFactory/factories/adftestal/datasets/adfdsblob01",
            "linked_service_name": "adfbloblink01",
            "name": "adfdsblob01",
            "parameters": {},
            "path": "adfstoragesource01",
            "resource_group_name": "adf_example_dev",
            "schema_column": [],
            "timeouts": null
          },
          "sensitive_attributes": [],
          "private": "eyJlMmJmYjczMC1lY2FhLTExZTYtOGY4OC0zNDM2M2JjN2M0YzAiOnsiY3JlYXRlIjoxODAwMDAwMDAwMDAwLCJkZWxldGUiOjE4MDAwMDAwMDAwMDAsInJlYWQiOjMwMDAwMDAwMDAwMCwidXBkYXRlIjoxODAwMDAwMDAwMDAwfX0=",
          "dependencies": [
            "azurerm_data_factory.adf_test",
            "azurerm_data_factory_linked_service_azure_blob_storage.adf_blob_link_01",
            "azurerm_storage_account.adf_storage",
            "azurerm_storage_container.adf_storage_source_01"
          ]
        }
      ]
    },
    {
      "mode": "managed",
      "type": "azurerm_data_factory_dataset_azure_blob",
      "name": "adf_ds_blob_02",
      "provider": "provider[\"registry.terraform.io/hashicorp/azurerm\"]",
      "instances": [
        {
          "schema_version": 0,
          "attributes": {
            "additional_properties": {},
            "annotations": [],
            "data_factory_name": "adftestal",
            "description": "",
            "filename": "",
            "folder": null,
            "id": "/subscriptions/b54182d2-60c0-4e34-b1ab-499a3394771d/resourceGroups/adf_example_dev/providers/Microsoft.DataFactory/factories/adftestal/datasets/adfdsblob02",
            "linked_service_name": "adfbloblink01",
            "name": "adfdsblob02",
            "parameters": {},
            "path": "adfstoragetarget01",
            "resource_group_name": "adf_example_dev",
            "schema_column": [],
            "timeouts": null
          },
          "sensitive_attributes": [],
          "private": "eyJlMmJmYjczMC1lY2FhLTExZTYtOGY4OC0zNDM2M2JjN2M0YzAiOnsiY3JlYXRlIjoxODAwMDAwMDAwMDAwLCJkZWxldGUiOjE4MDAwMDAwMDAwMDAsInJlYWQiOjMwMDAwMDAwMDAwMCwidXBkYXRlIjoxODAwMDAwMDAwMDAwfX0=",
          "dependencies": [
            "azurerm_storage_container.adf_storage_target_01",
            "azurerm_data_factory.adf_test",
            "azurerm_data_factory_linked_service_azure_blob_storage.adf_blob_link_01",
            "azurerm_storage_account.adf_storage"
          ]
        }
      ]
    },
    {
      "mode": "managed",
      "type": "azurerm_data_factory_linked_service_azure_blob_storage",
      "name": "adf_blob_link_01",
      "provider": "provider[\"registry.terraform.io/hashicorp/azurerm\"]",
      "instances": [
        {
          "schema_version": 0,
          "attributes": {
            "additional_properties": {},
            "annotations": [],
            "connection_string": "DefaultEndpointsProtocol=https;AccountName=adfstorageal;AccountKey=XVegOh9HeZRynFgVye2bhrp/dbrq3spA6B1CRRIRKjkVLoiZiYEfWthWi5pyVvBWdUamuokhBcV+dggNxJPYoQ==;EndpointSuffix=core.windows.net",
            "data_factory_name": "adftestal",
            "description": "",
            "id": "/subscriptions/b54182d2-60c0-4e34-b1ab-499a3394771d/resourceGroups/adf_example_dev/providers/Microsoft.DataFactory/factories/adftestal/linkedservices/adfbloblink01",
            "integration_runtime_name": null,
            "name": "adfbloblink01",
            "parameters": {},
            "resource_group_name": "adf_example_dev",
            "timeouts": null
          },
          "sensitive_attributes": [
            [
              {
                "type": "get_attr",
                "value": "connection_string"
              }
            ]
          ],
          "private": "eyJlMmJmYjczMC1lY2FhLTExZTYtOGY4OC0zNDM2M2JjN2M0YzAiOnsiY3JlYXRlIjoxODAwMDAwMDAwMDAwLCJkZWxldGUiOjE4MDAwMDAwMDAwMDAsInJlYWQiOjMwMDAwMDAwMDAwMCwidXBkYXRlIjoxODAwMDAwMDAwMDAwfX0=",
          "dependencies": [
            "azurerm_data_factory.adf_test",
            "azurerm_storage_account.adf_storage"
          ]
        }
      ]
    },
    {
      "mode": "managed",
      "type": "azurerm_data_factory_pipeline",
      "name": "adf_pipeline_01",
      "provider": "provider[\"registry.terraform.io/hashicorp/azurerm\"]",
      "instances": [
        {
          "schema_version": 0,
          "attributes": {
            "activities_json": "[{\"name\":\"adfpipeline01\",\"properties\":{\"activities\":[{\"dependsOn\":[],\"inputs\":[{\"referenceName\":\"adfdsblob01\",\"type\":\"DatasetReference\"}],\"name\":\"Copy data1\",\"outputs\":[{\"referenceName\":\"adfdsblob02\",\"type\":\"DatasetReference\"}],\"policy\":{\"retry\":0,\"retryIntervalInSeconds\":32,\"secureInput\":false,\"secureOutput\":false,\"timeout\":\"7.00:00:00\"},\"type\":\"Copy\",\"typeProperties\":{\"enableStaging\":false,\"sink\":{\"type\":\"BlobSink\"},\"source\":{\"recursive\":true,\"type\":\"BlobSource\"}},\"userProperties\":[]}],\"annotations\":[],\"lastPublishTime\":\"2021-06-21T17:15:19Z\"},\"type\":\"Activity\"}]",
            "annotations": [],
            "data_factory_name": "adftestal",
            "description": "",
            "id": "/subscriptions/b54182d2-60c0-4e34-b1ab-499a3394771d/resourceGroups/adf_example_dev/providers/Microsoft.DataFactory/factories/adftestal/pipelines/adfpipeline01",
            "name": "adfpipeline01",
            "parameters": {},
            "resource_group_name": "adf_example_dev",
            "timeouts": null,
            "variables": {}
          },
          "sensitive_attributes": [],
          "private": "eyJlMmJmYjczMC1lY2FhLTExZTYtOGY4OC0zNDM2M2JjN2M0YzAiOnsiY3JlYXRlIjoxODAwMDAwMDAwMDAwLCJkZWxldGUiOjE4MDAwMDAwMDAwMDAsInJlYWQiOjMwMDAwMDAwMDAwMCwidXBkYXRlIjoxODAwMDAwMDAwMDAwfX0=",
          "dependencies": [
            "azurerm_data_factory.adf_test"
          ]
        }
      ]
    },
    {
      "mode": "managed",
      "type": "azurerm_resource_group",
      "name": "resource-group-dev",
      "provider": "provider[\"registry.terraform.io/hashicorp/azurerm\"]",
      "instances": [
        {
          "schema_version": 0,
          "attributes": {
            "id": "/subscriptions/b54182d2-60c0-4e34-b1ab-499a3394771d/resourceGroups/adf_example_dev",
            "location": "canadacentral",
            "name": "adf_example_dev",
            "tags": {},
            "timeouts": null
          },
          "sensitive_attributes": [],
          "private": "eyJlMmJmYjczMC1lY2FhLTExZTYtOGY4OC0zNDM2M2JjN2M0YzAiOnsiY3JlYXRlIjo1NDAwMDAwMDAwMDAwLCJkZWxldGUiOjU0MDAwMDAwMDAwMDAsInJlYWQiOjMwMDAwMDAwMDAwMCwidXBkYXRlIjo1NDAwMDAwMDAwMDAwfX0="
        }
      ]
    },
    {
      "mode": "managed",
      "type": "azurerm_storage_account",
      "name": "adf_storage",
      "provider": "provider[\"registry.terraform.io/hashicorp/azurerm\"]",
      "instances": [
        {
          "schema_version": 2,
          "attributes": {
            "access_tier": "Hot",
            "account_kind": "StorageV2",
            "account_replication_type": "LRS",
            "account_tier": "Standard",
            "allow_blob_public_access": false,
            "blob_properties": [],
            "custom_domain": [],
            "enable_https_traffic_only": true,
            "id": "/subscriptions/b54182d2-60c0-4e34-b1ab-499a3394771d/resourceGroups/adf_example_dev/providers/Microsoft.Storage/storageAccounts/adfstorageal",
            "identity": [],
            "is_hns_enabled": false,
            "large_file_share_enabled": null,
            "location": "canadacentral",
            "min_tls_version": "TLS1_0",
            "name": "adfstorageal",
            "network_rules": [
              {
                "bypass": [
                  "AzureServices"
                ],
                "default_action": "Allow",
                "ip_rules": [],
                "virtual_network_subnet_ids": []
              }
            ],
            "primary_access_key": "XVegOh9HeZRynFgVye2bhrp/dbrq3spA6B1CRRIRKjkVLoiZiYEfWthWi5pyVvBWdUamuokhBcV+dggNxJPYoQ==",
            "primary_blob_connection_string": "DefaultEndpointsProtocol=https;BlobEndpoint=https://adfstorageal.blob.core.windows.net/;AccountName=adfstorageal;AccountKey=XVegOh9HeZRynFgVye2bhrp/dbrq3spA6B1CRRIRKjkVLoiZiYEfWthWi5pyVvBWdUamuokhBcV+dggNxJPYoQ==",
            "primary_blob_endpoint": "https://adfstorageal.blob.core.windows.net/",
            "primary_blob_host": "adfstorageal.blob.core.windows.net",
            "primary_connection_string": "DefaultEndpointsProtocol=https;AccountName=adfstorageal;AccountKey=XVegOh9HeZRynFgVye2bhrp/dbrq3spA6B1CRRIRKjkVLoiZiYEfWthWi5pyVvBWdUamuokhBcV+dggNxJPYoQ==;EndpointSuffix=core.windows.net",
            "primary_dfs_endpoint": "https://adfstorageal.dfs.core.windows.net/",
            "primary_dfs_host": "adfstorageal.dfs.core.windows.net",
            "primary_file_endpoint": "https://adfstorageal.file.core.windows.net/",
            "primary_file_host": "adfstorageal.file.core.windows.net",
            "primary_location": "canadacentral",
            "primary_queue_endpoint": "https://adfstorageal.queue.core.windows.net/",
            "primary_queue_host": "adfstorageal.queue.core.windows.net",
            "primary_table_endpoint": "https://adfstorageal.table.core.windows.net/",
            "primary_table_host": "adfstorageal.table.core.windows.net",
            "primary_web_endpoint": "https://adfstorageal.z9.web.core.windows.net/",
            "primary_web_host": "adfstorageal.z9.web.core.windows.net",
            "queue_properties": [
              {
                "cors_rule": [],
                "hour_metrics": [
                  {
                    "enabled": true,
                    "include_apis": true,
                    "retention_policy_days": 7,
                    "version": "1.0"
                  }
                ],
                "logging": [
                  {
                    "delete": false,
                    "read": false,
                    "retention_policy_days": 0,
                    "version": "1.0",
                    "write": false
                  }
                ],
                "minute_metrics": [
                  {
                    "enabled": false,
                    "include_apis": false,
                    "retention_policy_days": 0,
                    "version": "1.0"
                  }
                ]
              }
            ],
            "resource_group_name": "adf_example_dev",
            "secondary_access_key": "435iLyLww+uYNI0uMhxYMOHeSeRrwdEfFOeH388wSLLsIBToPXt5OcSnAYbElxldsCmp2up4IGwqkaSjI+gVJg==",
            "secondary_blob_connection_string": "",
            "secondary_blob_endpoint": null,
            "secondary_blob_host": null,
            "secondary_connection_string": "DefaultEndpointsProtocol=https;AccountName=adfstorageal;AccountKey=435iLyLww+uYNI0uMhxYMOHeSeRrwdEfFOeH388wSLLsIBToPXt5OcSnAYbElxldsCmp2up4IGwqkaSjI+gVJg==;EndpointSuffix=core.windows.net",
            "secondary_dfs_endpoint": null,
            "secondary_dfs_host": null,
            "secondary_file_endpoint": null,
            "secondary_file_host": null,
            "secondary_location": "",
            "secondary_queue_endpoint": null,
            "secondary_queue_host": null,
            "secondary_table_endpoint": null,
            "secondary_table_host": null,
            "secondary_web_endpoint": null,
            "secondary_web_host": null,
            "static_website": [],
            "tags": {
              "do": "delete",
              "environment": "dev"
            },
            "timeouts": null
          },
          "sensitive_attributes": [],
          "private": "eyJlMmJmYjczMC1lY2FhLTExZTYtOGY4OC0zNDM2M2JjN2M0YzAiOnsiY3JlYXRlIjozNjAwMDAwMDAwMDAwLCJkZWxldGUiOjM2MDAwMDAwMDAwMDAsInJlYWQiOjMwMDAwMDAwMDAwMCwidXBkYXRlIjozNjAwMDAwMDAwMDAwfSwic2NoZW1hX3ZlcnNpb24iOiIyIn0="
        }
      ]
    },
    {
      "mode": "managed",
      "type": "azurerm_storage_container",
      "name": "adf_storage_source_01",
      "provider": "provider[\"registry.terraform.io/hashicorp/azurerm\"]",
      "instances": [
        {
          "schema_version": 1,
          "attributes": {
            "container_access_type": "private",
            "has_immutability_policy": false,
            "has_legal_hold": false,
            "id": "https://adfstorageal.blob.core.windows.net/adfstoragesource01",
            "metadata": {},
            "name": "adfstoragesource01",
            "resource_manager_id": "/subscriptions/b54182d2-60c0-4e34-b1ab-499a3394771d/resourceGroups/adf_example_dev/providers/Microsoft.Storage/storageAccounts/adfstorageal/blobServices/default/containers/adfstoragesource01",
            "storage_account_name": "adfstorageal",
            "timeouts": null
          },
          "sensitive_attributes": [],
          "private": "eyJlMmJmYjczMC1lY2FhLTExZTYtOGY4OC0zNDM2M2JjN2M0YzAiOnsiY3JlYXRlIjoxODAwMDAwMDAwMDAwLCJkZWxldGUiOjE4MDAwMDAwMDAwMDAsInJlYWQiOjMwMDAwMDAwMDAwMCwidXBkYXRlIjoxODAwMDAwMDAwMDAwfSwic2NoZW1hX3ZlcnNpb24iOiIxIn0=",
          "dependencies": [
            "azurerm_storage_account.adf_storage"
          ]
        }
      ]
    },
    {
      "mode": "managed",
      "type": "azurerm_storage_container",
      "name": "adf_storage_target_01",
      "provider": "provider[\"registry.terraform.io/hashicorp/azurerm\"]",
      "instances": [
        {
          "schema_version": 1,
          "attributes": {
            "container_access_type": "private",
            "has_immutability_policy": false,
            "has_legal_hold": false,
            "id": "https://adfstorageal.blob.core.windows.net/adfstoragetarget01",
            "metadata": {},
            "name": "adfstoragetarget01",
            "resource_manager_id": "/subscriptions/b54182d2-60c0-4e34-b1ab-499a3394771d/resourceGroups/adf_example_dev/providers/Microsoft.Storage/storageAccounts/adfstorageal/blobServices/default/containers/adfstoragetarget01",
            "storage_account_name": "adfstorageal",
            "timeouts": null
          },
          "sensitive_attributes": [],
          "private": "eyJlMmJmYjczMC1lY2FhLTExZTYtOGY4OC0zNDM2M2JjN2M0YzAiOnsiY3JlYXRlIjoxODAwMDAwMDAwMDAwLCJkZWxldGUiOjE4MDAwMDAwMDAwMDAsInJlYWQiOjMwMDAwMDAwMDAwMCwidXBkYXRlIjoxODAwMDAwMDAwMDAwfSwic2NoZW1hX3ZlcnNpb24iOiIxIn0=",
          "dependencies": [
            "azurerm_storage_account.adf_storage"
          ]
        }
      ]
    }
  ]
}
